
Microsoft Visual Studio Solution File, Format Version 12.00
# Visual Studio Version 17
VisualStudioVersion = 17.8.34330.188
MinimumVisualStudioVersion = 10.0.40219.1
Project("{9A19103F-16F7-4668-BE54-9A1E7A4F7556}") = "GarageManagement", "GarageManagement.csproj", "{3AC522DC-511E-4112-A0BE-24A3F66E8F01}"
EndProject
Project("{FAE04EC0-301F-11D3-BF4B-00C04F79EFBC}") = "CarGarageManagement", "..\CarGarageManagement\CarGarageManagement.csproj", "{83F4A86D-DB55-475B-8D97-03C2D1A10633}"
EndProject
Global
	GlobalSection(SolutionConfigurationPlatforms) = preSolution
		Debug|Any CPU = Debug|Any CPU
		Release|Any CPU = Release|Any CPU
	EndGlobalSection
	GlobalSection(ProjectConfigurationPlatforms) = postSolution
		{3AC522DC-511E-4112-A0BE-24A3F66E8F01}.Debug|Any CPU.ActiveCfg = Debug|Any CPU
		{3AC522DC-511E-4112-A0BE-24A3F66E8F01}.Debug|Any CPU.Build.0 = Debug|Any CPU
		{3AC522DC-511E-4112-A0BE-24A3F66E8F01}.Release|Any CPU.ActiveCfg = Release|Any CPU
		{3AC522DC-511E-4112-A0BE-24A3F66E8F01}.Release|Any CPU.Build.0 = Release|Any CPU
		{83F4A86D-DB55-475B-8D97-03C2D1A10633}.Debug|Any CPU.ActiveCfg = Debug|Any CPU
		{83F4A86D-DB55-475B-8D97-03C2D1A10633}.Debug|Any CPU.Build.0 = Debug|Any CPU
		{83F4A86D-DB55-475B-8D97-03C2D1A10633}.Release|Any CPU.ActiveCfg = Release|Any CPU
		{83F4A86D-DB55-475B-8D97-03C2D1A10633}.Release|Any CPU.Build.0 = Release|Any CPU
	EndGlobalSection
	GlobalSection(SolutionProperties) = preSolution
		HideSolutionNode = FALSE
	EndGlobalSection
	GlobalSection(ExtensibilityGlobals) = postSolution
		SolutionGuid = {AFD6377D-3CB3-4EDE-ABD1-EB129786DA60}
	EndGlobalSection
EndGlobal
